// !$*UTF8*$!
{
	archiveVersion = 1;
	classes = {
	};
	objectVersion = 56;
	objects = {

/* Begin PBXBuildFile section */
		13759DF12C1CB13F009B029B /* TinderCloneApp.swift in Sources */ = {isa = PBXBuildFile; fileRef = 13759DF02C1CB13F009B029B /* TinderCloneApp.swift */; };
		13759DF32C1CB13F009B029B /* ContentView.swift in Sources */ = {isa = PBXBuildFile; fileRef = 13759DF22C1CB13F009B029B /* ContentView.swift */; };
		13759DF52C1CB148009B029B /* Assets.xcassets in Resources */ = {isa = PBXBuildFile; fileRef = 13759DF42C1CB148009B029B /* Assets.xcassets */; };
		13759DF82C1CB148009B029B /* Preview Assets.xcassets in Resources */ = {isa = PBXBuildFile; fileRef = 13759DF72C1CB148009B029B /* Preview Assets.xcassets */; };
		13759E022C1CB149009B029B /* TinderCloneTests.swift in Sources */ = {isa = PBXBuildFile; fileRef = 13759E012C1CB149009B029B /* TinderCloneTests.swift */; };
		13759E0C2C1CB149009B029B /* TinderCloneUITests.swift in Sources */ = {isa = PBXBuildFile; fileRef = 13759E0B2C1CB149009B029B /* TinderCloneUITests.swift */; };
		13759E0E2C1CB149009B029B /* TinderCloneUITestsLaunchTests.swift in Sources */ = {isa = PBXBuildFile; fileRef = 13759E0D2C1CB149009B029B /* TinderCloneUITestsLaunchTests.swift */; };
		13759E272C1CC99D009B029B /* MainTabView.swift in Sources */ = {isa = PBXBuildFile; fileRef = 13759E262C1CC99D009B029B /* MainTabView.swift */; };
		13759E2A2C1CCD3D009B029B /* CardView.swift in Sources */ = {isa = PBXBuildFile; fileRef = 13759E292C1CCD3D009B029B /* CardView.swift */; };
		13759E2E2C1CD1C9009B029B /* UserInfoView.swift in Sources */ = {isa = PBXBuildFile; fileRef = 13759E2D2C1CD1C9009B029B /* UserInfoView.swift */; };
/* End PBXBuildFile section */

/* Begin PBXContainerItemProxy section */
		13759DFE2C1CB149009B029B /* PBXContainerItemProxy */ = {
			isa = PBXContainerItemProxy;
			containerPortal = 13759DE52C1CB13F009B029B /* Project object */;
			proxyType = 1;
			remoteGlobalIDString = 13759DEC2C1CB13F009B029B;
			remoteInfo = TinderClone;
		};
		13759E082C1CB149009B029B /* PBXContainerItemProxy */ = {
			isa = PBXContainerItemProxy;
			containerPortal = 13759DE52C1CB13F009B029B /* Project object */;
			proxyType = 1;
			remoteGlobalIDString = 13759DEC2C1CB13F009B029B;
			remoteInfo = TinderClone;
		};
/* End PBXContainerItemProxy section */

/* Begin PBXFileReference section */
		13759DED2C1CB13F009B029B /* TinderClone.app */ = {isa = PBXFileReference; explicitFileType = wrapper.application; includeInIndex = 0; path = TinderClone.app; sourceTree = BUILT_PRODUCTS_DIR; };
		13759DF02C1CB13F009B029B /* TinderCloneApp.swift */ = {isa = PBXFileReference; lastKnownFileType = sourcecode.swift; path = TinderCloneApp.swift; sourceTree = "<group>"; };
		13759DF22C1CB13F009B029B /* ContentView.swift */ = {isa = PBXFileReference; lastKnownFileType = sourcecode.swift; path = ContentView.swift; sourceTree = "<group>"; };
		13759DF42C1CB148009B029B /* Assets.xcassets */ = {isa = PBXFileReference; lastKnownFileType = folder.assetcatalog; path = Assets.xcassets; sourceTree = "<group>"; };
		13759DF72C1CB148009B029B /* Preview Assets.xcassets */ = {isa = PBXFileReference; lastKnownFileType = folder.assetcatalog; path = "Preview Assets.xcassets"; sourceTree = "<group>"; };
		13759DFD2C1CB149009B029B /* TinderCloneTests.xctest */ = {isa = PBXFileReference; explicitFileType = wrapper.cfbundle; includeInIndex = 0; path = TinderCloneTests.xctest; sourceTree = BUILT_PRODUCTS_DIR; };
		13759E012C1CB149009B029B /* TinderCloneTests.swift */ = {isa = PBXFileReference; lastKnownFileType = sourcecode.swift; path = TinderCloneTests.swift; sourceTree = "<group>"; };
		13759E072C1CB149009B029B /* TinderCloneUITests.xctest */ = {isa = PBXFileReference; explicitFileType = wrapper.cfbundle; includeInIndex = 0; path = TinderCloneUITests.xctest; sourceTree = BUILT_PRODUCTS_DIR; };
		13759E0B2C1CB149009B029B /* TinderCloneUITests.swift */ = {isa = PBXFileReference; lastKnownFileType = sourcecode.swift; path = TinderCloneUITests.swift; sourceTree = "<group>"; };
		13759E0D2C1CB149009B029B /* TinderCloneUITestsLaunchTests.swift */ = {isa = PBXFileReference; lastKnownFileType = sourcecode.swift; path = TinderCloneUITestsLaunchTests.swift; sourceTree = "<group>"; };
		13759E262C1CC99D009B029B /* MainTabView.swift */ = {isa = PBXFileReference; lastKnownFileType = sourcecode.swift; path = MainTabView.swift; sourceTree = "<group>"; };
		13759E292C1CCD3D009B029B /* CardView.swift */ = {isa = PBXFileReference; lastKnownFileType = sourcecode.swift; path = CardView.swift; sourceTree = "<group>"; };
		13759E2D2C1CD1C9009B029B /* UserInfoView.swift */ = {isa = PBXFileReference; lastKnownFileType = sourcecode.swift; path = UserInfoView.swift; sourceTree = "<group>"; };
/* End PBXFileReference section */

/* Begin PBXFrameworksBuildPhase section */
		13759DEA2C1CB13F009B029B /* Frameworks */ = {
			isa = PBXFrameworksBuildPhase;
			buildActionMask = 2147483647;
			files = (
			);
			runOnlyForDeploymentPostprocessing = 0;
		};
		13759DFA2C1CB149009B029B /* Frameworks */ = {
			isa = PBXFrameworksBuildPhase;
			buildActionMask = 2147483647;
			files = (
			);
			runOnlyForDeploymentPostprocessing = 0;
		};
		13759E042C1CB149009B029B /* Frameworks */ = {
			isa = PBXFrameworksBuildPhase;
			buildActionMask = 2147483647;
			files = (
			);
			runOnlyForDeploymentPostprocessing = 0;
		};
/* End PBXFrameworksBuildPhase section */

/* Begin PBXGroup section */
		13759DE42C1CB13E009B029B = {
			isa = PBXGroup;
			children = (
				13759DEF2C1CB13F009B029B /* TinderClone */,
				13759E002C1CB149009B029B /* TinderCloneTests */,
				13759E0A2C1CB149009B029B /* TinderCloneUITests */,
				13759DEE2C1CB13F009B029B /* Products */,
			);
			sourceTree = "<group>";
		};
		13759DEE2C1CB13F009B029B /* Products */ = {
			isa = PBXGroup;
			children = (
				13759DED2C1CB13F009B029B /* TinderClone.app */,
				13759DFD2C1CB149009B029B /* TinderCloneTests.xctest */,
				13759E072C1CB149009B029B /* TinderCloneUITests.xctest */,
			);
			name = Products;
			sourceTree = "<group>";
		};
		13759DEF2C1CB13F009B029B /* TinderClone */ = {
			isa = PBXGroup;
			children = (
				13759E1A2C1CC61C009B029B /* App */,
				13759E1D2C1CC654009B029B /* Extensions */,
				13759E1C2C1CC64D009B029B /* Components */,
				13759E1E2C1CC664009B029B /* Shared */,
				13759E1B2C1CC648009B029B /* Utils */,
				13759DF22C1CB13F009B029B /* ContentView.swift */,
				13759DF42C1CB148009B029B /* Assets.xcassets */,
				13759DF62C1CB148009B029B /* Preview Content */,
			);
			path = TinderClone;
			sourceTree = "<group>";
		};
		13759DF62C1CB148009B029B /* Preview Content */ = {
			isa = PBXGroup;
			children = (
				13759DF72C1CB148009B029B /* Preview Assets.xcassets */,
			);
			path = "Preview Content";
			sourceTree = "<group>";
		};
		13759E002C1CB149009B029B /* TinderCloneTests */ = {
			isa = PBXGroup;
			children = (
				13759E012C1CB149009B029B /* TinderCloneTests.swift */,
			);
			path = TinderCloneTests;
			sourceTree = "<group>";
		};
		13759E0A2C1CB149009B029B /* TinderCloneUITests */ = {
			isa = PBXGroup;
			children = (
				13759E0B2C1CB149009B029B /* TinderCloneUITests.swift */,
				13759E0D2C1CB149009B029B /* TinderCloneUITestsLaunchTests.swift */,
			);
			path = TinderCloneUITests;
			sourceTree = "<group>";
		};
		13759E1A2C1CC61C009B029B /* App */ = {
			isa = PBXGroup;
			children = (
				13759DF02C1CB13F009B029B /* TinderCloneApp.swift */,
			);
			path = App;
			sourceTree = "<group>";
		};
		13759E1B2C1CC648009B029B /* Utils */ = {
			isa = PBXGroup;
			children = (
			);
			path = Utils;
			sourceTree = "<group>";
		};
		13759E1C2C1CC64D009B029B /* Components */ = {
			isa = PBXGroup;
			children = (
				13759E1F2C1CC6C1009B029B /* Cards */,
				13759E202C1CC6C7009B029B /* Messaging */,
				13759E222C1CC6DA009B029B /* Profile */,
				13759E232C1CC6DF009B029B /* Search */,
				13759E212C1CC6CD009B029B /* TabBar */,
			);
			path = Components;
			sourceTree = "<group>";
		};
		13759E1D2C1CC654009B029B /* Extensions */ = {
			isa = PBXGroup;
			children = (
			);
			path = Extensions;
			sourceTree = "<group>";
		};
		13759E1E2C1CC664009B029B /* Shared */ = {
			isa = PBXGroup;
			children = (
			);
			path = Shared;
			sourceTree = "<group>";
		};
		13759E1F2C1CC6C1009B029B /* Cards */ = {
			isa = PBXGroup;
			children = (
				13759E282C1CCD2E009B029B /* Views */,
			);
			path = Cards;
			sourceTree = "<group>";
		};
		13759E202C1CC6C7009B029B /* Messaging */ = {
			isa = PBXGroup;
			children = (
			);
			path = Messaging;
			sourceTree = "<group>";
		};
		13759E212C1CC6CD009B029B /* TabBar */ = {
			isa = PBXGroup;
			children = (
				13759E262C1CC99D009B029B /* MainTabView.swift */,
			);
			path = TabBar;
			sourceTree = "<group>";
		};
		13759E222C1CC6DA009B029B /* Profile */ = {
			isa = PBXGroup;
			children = (
			);
			path = Profile;
			sourceTree = "<group>";
		};
		13759E232C1CC6DF009B029B /* Search */ = {
			isa = PBXGroup;
			children = (
			);
			path = Search;
			sourceTree = "<group>";
		};
		13759E282C1CCD2E009B029B /* Views */ = {
			isa = PBXGroup;
			children = (
				13759E292C1CCD3D009B029B /* CardView.swift */,
				13759E2D2C1CD1C9009B029B /* UserInfoView.swift */,
			);
			path = Views;
			sourceTree = "<group>";
		};
/* End PBXGroup section */

/* Begin PBXNativeTarget section */
		13759DEC2C1CB13F009B029B /* TinderClone */ = {
			isa = PBXNativeTarget;
			buildConfigurationList = 13759E112C1CB149009B029B /* Build configuration list for PBXNativeTarget "TinderClone" */;
			buildPhases = (
				13759DE92C1CB13F009B029B /* Sources */,
				13759DEA2C1CB13F009B029B /* Frameworks */,
				13759DEB2C1CB13F009B029B /* Resources */,
			);
			buildRules = (
			);
			dependencies = (
			);
			name = TinderClone;
			productName = TinderClone;
			productReference = 13759DED2C1CB13F009B029B /* TinderClone.app */;
			productType = "com.apple.product-type.application";
		};
		13759DFC2C1CB149009B029B /* TinderCloneTests */ = {
			isa = PBXNativeTarget;
			buildConfigurationList = 13759E142C1CB149009B029B /* Build configuration list for PBXNativeTarget "TinderCloneTests" */;
			buildPhases = (
				13759DF92C1CB149009B029B /* Sources */,
				13759DFA2C1CB149009B029B /* Frameworks */,
				13759DFB2C1CB149009B029B /* Resources */,
			);
			buildRules = (
			);
			dependencies = (
				13759DFF2C1CB149009B029B /* PBXTargetDependency */,
			);
			name = TinderCloneTests;
			productName = TinderCloneTests;
			productReference = 13759DFD2C1CB149009B029B /* TinderCloneTests.xctest */;
			productType = "com.apple.product-type.bundle.unit-test";
		};
		13759E062C1CB149009B029B /* TinderCloneUITests */ = {
			isa = PBXNativeTarget;
			buildConfigurationList = 13759E172C1CB149009B029B /* Build configuration list for PBXNativeTarget "TinderCloneUITests" */;
			buildPhases = (
				13759E032C1CB149009B029B /* Sources */,
				13759E042C1CB149009B029B /* Frameworks */,
				13759E052C1CB149009B029B /* Resources */,
			);
			buildRules = (
			);
			dependencies = (
				13759E092C1CB149009B029B /* PBXTargetDependency */,
			);
			name = TinderCloneUITests;
			productName = TinderCloneUITests;
			productReference = 13759E072C1CB149009B029B /* TinderCloneUITests.xctest */;
			productType = "com.apple.product-type.bundle.ui-testing";
		};
/* End PBXNativeTarget section */

/* Begin PBXProject section */
		13759DE52C1CB13F009B029B /* Project object */ = {
			isa = PBXProject;
			attributes = {
				BuildIndependentTargetsInParallel = 1;
				LastSwiftUpdateCheck = 1540;
				LastUpgradeCheck = 1540;
				TargetAttributes = {
					13759DEC2C1CB13F009B029B = {
						CreatedOnToolsVersion = 15.4;
					};
					13759DFC2C1CB149009B029B = {
						CreatedOnToolsVersion = 15.4;
						TestTargetID = 13759DEC2C1CB13F009B029B;
					};
					13759E062C1CB149009B029B = {
						CreatedOnToolsVersion = 15.4;
						TestTargetID = 13759DEC2C1CB13F009B029B;
					};
				};
			};
			buildConfigurationList = 13759DE82C1CB13F009B029B /* Build configuration list for PBXProject "TinderClone" */;
			compatibilityVersion = "Xcode 14.0";
			developmentRegion = en;
			hasScannedForEncodings = 0;
			knownRegions = (
				en,
				Base,
			);
			mainGroup = 13759DE42C1CB13E009B029B;
			productRefGroup = 13759DEE2C1CB13F009B029B /* Products */;
			projectDirPath = "";
			projectRoot = "";
			targets = (
				13759DEC2C1CB13F009B029B /* TinderClone */,
				13759DFC2C1CB149009B029B /* TinderCloneTests */,
				13759E062C1CB149009B029B /* TinderCloneUITests */,
			);
		};
/* End PBXProject section */

/* Begin PBXResourcesBuildPhase section */
		13759DEB2C1CB13F009B029B /* Resources */ = {
			isa = PBXResourcesBuildPhase;
			buildActionMask = 2147483647;
			files = (
				13759DF82C1CB148009B029B /* Preview Assets.xcassets in Resources */,
				13759DF52C1CB148009B029B /* Assets.xcassets in Resources */,
			);
			runOnlyForDeploymentPostprocessing = 0;
		};
		13759DFB2C1CB149009B029B /* Resources */ = {
			isa = PBXResourcesBuildPhase;
			buildActionMask = 2147483647;
			files = (
			);
			runOnlyForDeploymentPostprocessing = 0;
		};
		13759E052C1CB149009B029B /* Resources */ = {
			isa = PBXResourcesBuildPhase;
			buildActionMask = 2147483647;
			files = (
			);
			runOnlyForDeploymentPostprocessing = 0;
		};
/* End PBXResourcesBuildPhase section */

/* Begin PBXSourcesBuildPhase section */
		13759DE92C1CB13F009B029B /* Sources */ = {
			isa = PBXSourcesBuildPhase;
			buildActionMask = 2147483647;
			files = (
				13759DF32C1CB13F009B029B /* ContentView.swift in Sources */,
				13759DF12C1CB13F009B029B /* TinderCloneApp.swift in Sources */,
				13759E2A2C1CCD3D009B029B /* CardView.swift in Sources */,
				13759E272C1CC99D009B029B /* MainTabView.swift in Sources */,
				13759E2E2C1CD1C9009B029B /* UserInfoView.swift in Sources */,
			);
			runOnlyForDeploymentPostprocessing = 0;
		};
		13759DF92C1CB149009B029B /* Sources */ = {
			isa = PBXSourcesBuildPhase;
			buildActionMask = 2147483647;
			files = (
				13759E022C1CB149009B029B /* TinderCloneTests.swift in Sources */,
			);
			runOnlyForDeploymentPostprocessing = 0;
		};
		13759E032C1CB149009B029B /* Sources */ = {
			isa = PBXSourcesBuildPhase;
			buildActionMask = 2147483647;
			files = (
				13759E0E2C1CB149009B029B /* TinderCloneUITestsLaunchTests.swift in Sources */,
				13759E0C2C1CB149009B029B /* TinderCloneUITests.swift in Sources */,
			);
			runOnlyForDeploymentPostprocessing = 0;
		};
/* End PBXSourcesBuildPhase section */

/* Begin PBXTargetDependency section */
		13759DFF2C1CB149009B029B /* PBXTargetDependency */ = {
			isa = PBXTargetDependency;
			target = 13759DEC2C1CB13F009B029B /* TinderClone */;
			targetProxy = 13759DFE2C1CB149009B029B /* PBXContainerItemProxy */;
		};
		13759E092C1CB149009B029B /* PBXTargetDependency */ = {
			isa = PBXTargetDependency;
			target = 13759DEC2C1CB13F009B029B /* TinderClone */;
			targetProxy = 13759E082C1CB149009B029B /* PBXContainerItemProxy */;
		};
/* End PBXTargetDependency section */

/* Begin XCBuildConfiguration section */
		13759E0F2C1CB149009B029B /* Debug */ = {
			isa = XCBuildConfiguration;
			buildSettings = {
				ALWAYS_SEARCH_USER_PATHS = NO;
				ASSETCATALOG_COMPILER_GENERATE_SWIFT_ASSET_SYMBOL_EXTENSIONS = YES;
				CLANG_ANALYZER_NONNULL = YES;
				CLANG_ANALYZER_NUMBER_OBJECT_CONVERSION = YES_AGGRESSIVE;
				CLANG_CXX_LANGUAGE_STANDARD = "gnu++20";
				CLANG_ENABLE_MODULES = YES;
				CLANG_ENABLE_OBJC_ARC = YES;
				CLANG_ENABLE_OBJC_WEAK = YES;
				CLANG_WARN_BLOCK_CAPTURE_AUTORELEASING = YES;
				CLANG_WARN_BOOL_CONVERSION = YES;
				CLANG_WARN_COMMA = YES;
				CLANG_WARN_CONSTANT_CONVERSION = YES;
				CLANG_WARN_DEPRECATED_OBJC_IMPLEMENTATIONS = YES;
				CLANG_WARN_DIRECT_OBJC_ISA_USAGE = YES_ERROR;
				CLANG_WARN_DOCUMENTATION_COMMENTS = YES;
				CLANG_WARN_EMPTY_BODY = YES;
				CLANG_WARN_ENUM_CONVERSION = YES;
				CLANG_WARN_INFINITE_RECURSION = YES;
				CLANG_WARN_INT_CONVERSION = YES;
				CLANG_WARN_NON_LITERAL_NULL_CONVERSION = YES;
				CLANG_WARN_OBJC_IMPLICIT_RETAIN_SELF = YES;
				CLANG_WARN_OBJC_LITERAL_CONVERSION = YES;
				CLANG_WARN_OBJC_ROOT_CLASS = YES_ERROR;
				CLANG_WARN_QUOTED_INCLUDE_IN_FRAMEWORK_HEADER = YES;
				CLANG_WARN_RANGE_LOOP_ANALYSIS = YES;
				CLANG_WARN_STRICT_PROTOTYPES = YES;
				CLANG_WARN_SUSPICIOUS_MOVE = YES;
				CLANG_WARN_UNGUARDED_AVAILABILITY = YES_AGGRESSIVE;
				CLANG_WARN_UNREACHABLE_CODE = YES;
				CLANG_WARN__DUPLICATE_METHOD_MATCH = YES;
				COPY_PHASE_STRIP = NO;
				DEBUG_INFORMATION_FORMAT = dwarf;
				ENABLE_STRICT_OBJC_MSGSEND = YES;
				ENABLE_TESTABILITY = YES;
				ENABLE_USER_SCRIPT_SANDBOXING = YES;
				GCC_C_LANGUAGE_STANDARD = gnu17;
				GCC_DYNAMIC_NO_PIC = NO;
				GCC_NO_COMMON_BLOCKS = YES;
				GCC_OPTIMIZATION_LEVEL = 0;
				GCC_PREPROCESSOR_DEFINITIONS = (
					"DEBUG=1",
					"$(inherited)",
				);
				GCC_WARN_64_TO_32_BIT_CONVERSION = YES;
				GCC_WARN_ABOUT_RETURN_TYPE = YES_ERROR;
				GCC_WARN_UNDECLARED_SELECTOR = YES;
				GCC_WARN_UNINITIALIZED_AUTOS = YES_AGGRESSIVE;
				GCC_WARN_UNUSED_FUNCTION = YES;
				GCC_WARN_UNUSED_VARIABLE = YES;
				IPHONEOS_DEPLOYMENT_TARGET = 17.5;
				LOCALIZATION_PREFERS_STRING_CATALOGS = YES;
				MTL_ENABLE_DEBUG_INFO = INCLUDE_SOURCE;
				MTL_FAST_MATH = YES;
				ONLY_ACTIVE_ARCH = YES;
				SDKROOT = iphoneos;
				SWIFT_ACTIVE_COMPILATION_CONDITIONS = "DEBUG $(inherited)";
				SWIFT_OPTIMIZATION_LEVEL = "-Onone";
			};
			name = Debug;
		};
		13759E102C1CB149009B029B /* Release */ = {
			isa = XCBuildConfiguration;
			buildSettings = {
				ALWAYS_SEARCH_USER_PATHS = NO;
				ASSETCATALOG_COMPILER_GENERATE_SWIFT_ASSET_SYMBOL_EXTENSIONS = YES;
				CLANG_ANALYZER_NONNULL = YES;
				CLANG_ANALYZER_NUMBER_OBJECT_CONVERSION = YES_AGGRESSIVE;
				CLANG_CXX_LANGUAGE_STANDARD = "gnu++20";
				CLANG_ENABLE_MODULES = YES;
				CLANG_ENABLE_OBJC_ARC = YES;
				CLANG_ENABLE_OBJC_WEAK = YES;
				CLANG_WARN_BLOCK_CAPTURE_AUTORELEASING = YES;
				CLANG_WARN_BOOL_CONVERSION = YES;
				CLANG_WARN_COMMA = YES;
				CLANG_WARN_CONSTANT_CONVERSION = YES;
				CLANG_WARN_DEPRECATED_OBJC_IMPLEMENTATIONS = YES;
				CLANG_WARN_DIRECT_OBJC_ISA_USAGE = YES_ERROR;
				CLANG_WARN_DOCUMENTATION_COMMENTS = YES;
				CLANG_WARN_EMPTY_BODY = YES;
				CLANG_WARN_ENUM_CONVERSION = YES;
				CLANG_WARN_INFINITE_RECURSION = YES;
				CLANG_WARN_INT_CONVERSION = YES;
				CLANG_WARN_NON_LITERAL_NULL_CONVERSION = YES;
				CLANG_WARN_OBJC_IMPLICIT_RETAIN_SELF = YES;
				CLANG_WARN_OBJC_LITERAL_CONVERSION = YES;
				CLANG_WARN_OBJC_ROOT_CLASS = YES_ERROR;
				CLANG_WARN_QUOTED_INCLUDE_IN_FRAMEWORK_HEADER = YES;
				CLANG_WARN_RANGE_LOOP_ANALYSIS = YES;
				CLANG_WARN_STRICT_PROTOTYPES = YES;
				CLANG_WARN_SUSPICIOUS_MOVE = YES;
				CLANG_WARN_UNGUARDED_AVAILABILITY = YES_AGGRESSIVE;
				CLANG_WARN_UNREACHABLE_CODE = YES;
				CLANG_WARN__DUPLICATE_METHOD_MATCH = YES;
				COPY_PHASE_STRIP = NO;
				DEBUG_INFORMATION_FORMAT = "dwarf-with-dsym";
				ENABLE_NS_ASSERTIONS = NO;
				ENABLE_STRICT_OBJC_MSGSEND = YES;
				ENABLE_USER_SCRIPT_SANDBOXING = YES;
				GCC_C_LANGUAGE_STANDARD = gnu17;
				GCC_NO_COMMON_BLOCKS = YES;
				GCC_WARN_64_TO_32_BIT_CONVERSION = YES;
				GCC_WARN_ABOUT_RETURN_TYPE = YES_ERROR;
				GCC_WARN_UNDECLARED_SELECTOR = YES;
				GCC_WARN_UNINITIALIZED_AUTOS = YES_AGGRESSIVE;
				GCC_WARN_UNUSED_FUNCTION = YES;
				GCC_WARN_UNUSED_VARIABLE = YES;
				IPHONEOS_DEPLOYMENT_TARGET = 17.5;
				LOCALIZATION_PREFERS_STRING_CATALOGS = YES;
				MTL_ENABLE_DEBUG_INFO = NO;
				MTL_FAST_MATH = YES;
				SDKROOT = iphoneos;
				SWIFT_COMPILATION_MODE = wholemodule;
				VALIDATE_PRODUCT = YES;
			};
			name = Release;
		};
		13759E122C1CB149009B029B /* Debug */ = {
			isa = XCBuildConfiguration;
			buildSettings = {
				ASSETCATALOG_COMPILER_APPICON_NAME = AppIcon;
				ASSETCATALOG_COMPILER_GLOBAL_ACCENT_COLOR_NAME = AccentColor;
				CODE_SIGN_STYLE = Automatic;
				CURRENT_PROJECT_VERSION = 1;
				DEVELOPMENT_ASSET_PATHS = "\"TinderClone/Preview Content\"";
				DEVELOPMENT_TEAM = 6SH3FG9AN4;
				ENABLE_PREVIEWS = YES;
				GENERATE_INFOPLIST_FILE = YES;
				INFOPLIST_KEY_UIApplicationSceneManifest_Generation = YES;
				INFOPLIST_KEY_UIApplicationSupportsIndirectInputEvents = YES;
				INFOPLIST_KEY_UILaunchScreen_Generation = YES;
				INFOPLIST_KEY_UISupportedInterfaceOrientations_iPad = "UIInterfaceOrientationPortrait UIInterfaceOrientationPortraitUpsideDown UIInterfaceOrientationLandscapeLeft UIInterfaceOrientationLandscapeRight";
				INFOPLIST_KEY_UISupportedInterfaceOrientations_iPhone = "UIInterfaceOrientationPortrait UIInterfaceOrientationLandscapeLeft UIInterfaceOrientationLandscapeRight";
				LD_RUNPATH_SEARCH_PATHS = (
					"$(inherited)",
					"@executable_path/Frameworks",
				);
				MARKETING_VERSION = 1.0;
				PRODUCT_BUNDLE_IDENTIFIER = com.sharonpark.TinderClone;
				PRODUCT_NAME = "$(TARGET_NAME)";
				SWIFT_EMIT_LOC_STRINGS = YES;
				SWIFT_VERSION = 5.0;
				TARGETED_DEVICE_FAMILY = "1,2";
			};
			name = Debug;
		};
		13759E132C1CB149009B029B /* Release */ = {
			isa = XCBuildConfiguration;
			buildSettings = {
				ASSETCATALOG_COMPILER_APPICON_NAME = AppIcon;
				ASSETCATALOG_COMPILER_GLOBAL_ACCENT_COLOR_NAME = AccentColor;
				CODE_SIGN_STYLE = Automatic;
				CURRENT_PROJECT_VERSION = 1;
				DEVELOPMENT_ASSET_PATHS = "\"TinderClone/Preview Content\"";
				DEVELOPMENT_TEAM = 6SH3FG9AN4;
				ENABLE_PREVIEWS = YES;
				GENERATE_INFOPLIST_FILE = YES;
				INFOPLIST_KEY_UIApplicationSceneManifest_Generation = YES;
				INFOPLIST_KEY_UIApplicationSupportsIndirectInputEvents = YES;
				INFOPLIST_KEY_UILaunchScreen_Generation = YES;
				INFOPLIST_KEY_UISupportedInterfaceOrientations_iPad = "UIInterfaceOrientationPortrait UIInterfaceOrientationPortraitUpsideDown UIInterfaceOrientationLandscapeLeft UIInterfaceOrientationLandscapeRight";
				INFOPLIST_KEY_UISupportedInterfaceOrientations_iPhone = "UIInterfaceOrientationPortrait UIInterfaceOrientationLandscapeLeft UIInterfaceOrientationLandscapeRight";
				LD_RUNPATH_SEARCH_PATHS = (
					"$(inherited)",
					"@executable_path/Frameworks",
				);
				MARKETING_VERSION = 1.0;
				PRODUCT_BUNDLE_IDENTIFIER = com.sharonpark.TinderClone;
				PRODUCT_NAME = "$(TARGET_NAME)";
				SWIFT_EMIT_LOC_STRINGS = YES;
				SWIFT_VERSION = 5.0;
				TARGETED_DEVICE_FAMILY = "1,2";
			};
			name = Release;
		};
		13759E152C1CB149009B029B /* Debug */ = {
			isa = XCBuildConfiguration;
			buildSettings = {
				ALWAYS_EMBED_SWIFT_STANDARD_LIBRARIES = YES;
				BUNDLE_LOADER = "$(TEST_HOST)";
				CODE_SIGN_STYLE = Automatic;
				CURRENT_PROJECT_VERSION = 1;
				DEVELOPMENT_TEAM = 6SH3FG9AN4;
				GENERATE_INFOPLIST_FILE = YES;
				IPHONEOS_DEPLOYMENT_TARGET = 17.5;
				MARKETING_VERSION = 1.0;
				PRODUCT_BUNDLE_IDENTIFIER = com.sharonpark.TinderCloneTests;
				PRODUCT_NAME = "$(TARGET_NAME)";
				SWIFT_EMIT_LOC_STRINGS = NO;
				SWIFT_VERSION = 5.0;
				TARGETED_DEVICE_FAMILY = "1,2";
				TEST_HOST = "$(BUILT_PRODUCTS_DIR)/TinderClone.app/$(BUNDLE_EXECUTABLE_FOLDER_PATH)/TinderClone";
			};
			name = Debug;
		};
		13759E162C1CB149009B029B /* Release */ = {
			isa = XCBuildConfiguration;
			buildSettings = {
				ALWAYS_EMBED_SWIFT_STANDARD_LIBRARIES = YES;
				BUNDLE_LOADER = "$(TEST_HOST)";
				CODE_SIGN_STYLE = Automatic;
				CURRENT_PROJECT_VERSION = 1;
				DEVELOPMENT_TEAM = 6SH3FG9AN4;
				GENERATE_INFOPLIST_FILE = YES;
				IPHONEOS_DEPLOYMENT_TARGET = 17.5;
				MARKETING_VERSION = 1.0;
				PRODUCT_BUNDLE_IDENTIFIER = com.sharonpark.TinderCloneTests;
				PRODUCT_NAME = "$(TARGET_NAME)";
				SWIFT_EMIT_LOC_STRINGS = NO;
				SWIFT_VERSION = 5.0;
				TARGETED_DEVICE_FAMILY = "1,2";
				TEST_HOST = "$(BUILT_PRODUCTS_DIR)/TinderClone.app/$(BUNDLE_EXECUTABLE_FOLDER_PATH)/TinderClone";
			};
			name = Release;
		};
		13759E182C1CB149009B029B /* Debug */ = {
			isa = XCBuildConfiguration;
			buildSettings = {
				ALWAYS_EMBED_SWIFT_STANDARD_LIBRARIES = YES;
				CODE_SIGN_STYLE = Automatic;
				CURRENT_PROJECT_VERSION = 1;
				DEVELOPMENT_TEAM = 6SH3FG9AN4;
				GENERATE_INFOPLIST_FILE = YES;
				MARKETING_VERSION = 1.0;
				PRODUCT_BUNDLE_IDENTIFIER = com.sharonpark.TinderCloneUITests;
				PRODUCT_NAME = "$(TARGET_NAME)";
				SWIFT_EMIT_LOC_STRINGS = NO;
				SWIFT_VERSION = 5.0;
				TARGETED_DEVICE_FAMILY = "1,2";
				TEST_TARGET_NAME = TinderClone;
			};
			name = Debug;
		};
		13759E192C1CB149009B029B /* Release */ = {
			isa = XCBuildConfiguration;
			buildSettings = {
				ALWAYS_EMBED_SWIFT_STANDARD_LIBRARIES = YES;
				CODE_SIGN_STYLE = Automatic;
				CURRENT_PROJECT_VERSION = 1;
				DEVELOPMENT_TEAM = 6SH3FG9AN4;
				GENERATE_INFOPLIST_FILE = YES;
				MARKETING_VERSION = 1.0;
				PRODUCT_BUNDLE_IDENTIFIER = com.sharonpark.TinderCloneUITests;
				PRODUCT_NAME = "$(TARGET_NAME)";
				SWIFT_EMIT_LOC_STRINGS = NO;
				SWIFT_VERSION = 5.0;
				TARGETED_DEVICE_FAMILY = "1,2";
				TEST_TARGET_NAME = TinderClone;
			};
			name = Release;
		};
/* End XCBuildConfiguration section */

/* Begin XCConfigurationList section */
		13759DE82C1CB13F009B029B /* Build configuration list for PBXProject "TinderClone" */ = {
			isa = XCConfigurationList;
			buildConfigurations = (
				13759E0F2C1CB149009B029B /* Debug */,
				13759E102C1CB149009B029B /* Release */,
			);
			defaultConfigurationIsVisible = 0;
			defaultConfigurationName = Release;
		};
		13759E112C1CB149009B029B /* Build configuration list for PBXNativeTarget "TinderClone" */ = {
			isa = XCConfigurationList;
			buildConfigurations = (
				13759E122C1CB149009B029B /* Debug */,
				13759E132C1CB149009B029B /* Release */,
			);
			defaultConfigurationIsVisible = 0;
			defaultConfigurationName = Release;
		};
		13759E142C1CB149009B029B /* Build configuration list for PBXNativeTarget "TinderCloneTests" */ = {
			isa = XCConfigurationList;
			buildConfigurations = (
				13759E152C1CB149009B029B /* Debug */,
				13759E162C1CB149009B029B /* Release */,
			);
			defaultConfigurationIsVisible = 0;
			defaultConfigurationName = Release;
		};
		13759E172C1CB149009B029B /* Build configuration list for PBXNativeTarget "TinderCloneUITests" */ = {
			isa = XCConfigurationList;
			buildConfigurations = (
				13759E182C1CB149009B029B /* Debug */,
				13759E192C1CB149009B029B /* Release */,
			);
			defaultConfigurationIsVisible = 0;
			defaultConfigurationName = Release;
		};
/* End XCConfigurationList section */
	};
	rootObject = 13759DE52C1CB13F009B029B /* Project object */;
}
